<?xml version="1.0" encoding="utf-8"?>
<Project ToolsVersion="4.0" xmlns="http://schemas.microsoft.com/developer/msbuild/2003">
  <ItemGroup>
    <Filter Include="Source Files">
      <UniqueIdentifier>{4FC737F1-C7A5-4376-A066-2A32D752A2FF}</UniqueIdentifier>
      <Extensions>qml;cpp;c;cc;cxx;def;odl;idl;hpj;bat;asm;asmx</Extensions>
    </Filter>
    <Filter Include="Header Files">
      <UniqueIdentifier>{93995380-89BD-4b04-88EB-625FBE52EBFB}</UniqueIdentifier>
      <Extensions>h;hh;hpp;hxx;hm;inl;inc;xsd</Extensions>
    </Filter>
    <Filter Include="Resource Files">
      <UniqueIdentifier>{67DA6AB6-F800-4c08-8B7A-83BB121AAD01}</UniqueIdentifier>
      <Extensions>qrc;rc;ico;cur;bmp;dlg;rc2;rct;bin;rgs;gif;jpg;jpeg;jpe;resx;tiff;tif;png;wav;mfcribbon-ms</Extensions>
    </Filter>
    <Filter Include="Form Files">
      <UniqueIdentifier>{99349809-55BA-4b9d-BF79-8FDBB0286EB3}</UniqueIdentifier>
      <Extensions>ui</Extensions>
    </Filter>
    <Filter Include="Translation Files">
      <UniqueIdentifier>{639EADAA-A684-42e4-A9AD-28FC9BCB8F7C}</UniqueIdentifier>
      <Extensions>ts</Extensions>
    </Filter>
  </ItemGroup>
  <ItemGroup>
    <QtRcc Include="DeployMaster.qrc">
      <Filter>Resource Files</Filter>
    </QtRcc>
    <QtUic Include="DeployMaster.ui">
      <Filter>Form Files</Filter>
    </QtUic>
  </ItemGroup>
  <ItemGroup>
    <ClCompile Include="main.cpp">
      <Filter>Source Files</Filter>
    </ClCompile>
    <ClCompile Include="DeployMaster.cpp">
      <Filter>Source Files</Filter>
    </ClCompile>
    <ClCompile Include="DropListWidget.cpp">
      <Filter>Source Files</Filter>
    </ClCompile>
    <ClCompile Include="TelnetClient.cpp">
      <Filter>Source Files</Filter>
    </ClCompile>
    <ClCompile Include="LogQueryTab.cpp">
      <Filter>Source Files</Filter>
    </ClCompile>
    <ClCompile Include="ModbusCluster.cpp">
      <Filter>Source Files</Filter>
    </ClCompile>
    <ClCompile Include="OpcUaClient.cpp">
      <Filter>Source Files</Filter>
    </ClCompile>
    <ClCompile Include="src\logging\LogBridge.cpp">
      <Filter>Source Files</Filter>
    </ClCompile>
    <ClCompile Include="src\adapter\FtpAdapter.cpp">
      <Filter>Source Files</Filter>
    </ClCompile>
    <ClCompile Include="src\adapter\TelnetAdapter.cpp">
      <Filter>Source Files</Filter>
    </ClCompile>
    <ClCompile Include="src\adapter\ProtocolRegistry.cpp">
      <Filter>Source Files</Filter>
    </ClCompile>
    <ClCompile Include="src\framework\AppState.cpp">
      <Filter>Source Files</Filter>
    </ClCompile>
    <ClCompile Include="src\framework\ToolWidget.cpp">
      <Filter>Source Files</Filter>
    </ClCompile>
    <ClCompile Include="src\framework\ManifestParser.cpp">
      <Filter>Source Files</Filter>
    </ClCompile>
    <ClCompile Include="src\framework\ToolRegistry.cpp">
      <Filter>Source Files</Filter>
    </ClCompile>
    <ClCompile Include="src\framework\ToolHost.cpp">
      <Filter>Source Files</Filter>
    </ClCompile>
    <ClCompile Include="src\model\FtpManager.cpp">
      <Filter>Source Files</Filter>
    </ClCompile>
    <ClCompile Include="src\ui\DeviceBusWidget.cpp">
      <Filter>Source Files</Filter>
    </ClCompile>
    <ClCompile Include="src\tools\FtpDeployTool\FtpDeployBackend.cpp">
      <Filter>Source Files</Filter>
    </ClCompile>
    <ClCompile Include="src\tools\FtpDeployTool\FtpDeployWidget.cpp">
      <Filter>Source Files</Filter>
    </ClCompile>
    <ClCompile Include="src\tools\TelnetTool\TelnetBackend.cpp">
      <Filter>Source Files</Filter>
    </ClCompile>
    <ClCompile Include="src\tools\TelnetTool\TelnetWidget.cpp">
      <Filter>Source Files</Filter>
    </ClCompile>
    <ClCompile Include="src\tools\WebSocketTool\WebSocketBackend.cpp">
      <Filter>Source Files</Filter>
    </ClCompile>
    <ClCompile Include="src\tools\WebSocketTool\WebSocketWidget.cpp">
      <Filter>Source Files</Filter>
    </ClCompile>
    <ClCompile Include="src\thirdparty\lwcomm\src\comm.cpp">
      <Filter>Source Files</Filter>
    </ClCompile>
    <ClCompile Include="src\thirdparty\lwcomm\src\comm_impl.cpp">
      <Filter>Source Files</Filter>
    </ClCompile>
    <ClCompile Include="src\thirdparty\lwcomm\src\file_helper.cpp">
      <Filter>Source Files</Filter>
    </ClCompile>
    <ClCompile Include="src\thirdparty\lwcomm\src\file_system.cpp">
      <Filter>Source Files</Filter>
    </ClCompile>
    <ClCompile Include="src\thirdparty\lwcomm\src\lwbase64.cpp">
      <Filter>Source Files</Filter>
    </ClCompile>
    <ClCompile Include="src\thirdparty\lwcomm\src\string_helper.cpp">
      <Filter>Source Files</Filter>
    </ClCompile>
    <ClCompile Include="src\thirdparty\lwcomm\src\system_info.cpp">
      <Filter>Source Files</Filter>
    </ClCompile>
    <ClCompile Include="src\thirdparty\lwcomm\src\time_helper.cpp">
      <Filter>Source Files</Filter>
    </ClCompile>
    <ClCompile Include="src\thirdparty\lwevent\lwevent.c">
      <Filter>Source Files</Filter>
    </ClCompile>
    <ClCompile Include="src\thirdparty\lwmsgq\lwmsgq.c">
      <Filter>Source Files</Filter>
    </ClCompile>
    <ClCompile Include="src\thirdparty\lwmsgq\list.c">
      <Filter>Source Files</Filter>
    </ClCompile>
    <ClCompile Include="src\thirdparty\tinyxml2\tinyxml2.cpp">
      <Filter>Source Files</Filter>
    </ClCompile>
    <ClCompile Include="src\thirdparty\lwlog\src\lwlog.cpp">
      <Filter>Source Files</Filter>
    </ClCompile>
    <ClCompile Include="src\thirdparty\lwlog\src\lwlog_c.cpp">
      <Filter>Source Files</Filter>
    </ClCompile>
    <ClCompile Include="src\thirdparty\lwlog\src\logger_impl.cpp">
      <Filter>Source Files</Filter>
    </ClCompile>
    <ClCompile Include="src\thirdparty\lwlog\src\console_appender.cpp">
      <Filter>Source Files</Filter>
    </ClCompile>
    <ClCompile Include="src\thirdparty\lwlog\src\file_appender.cpp">
      <Filter>Source Files</Filter>
    </ClCompile>
    <ClCompile Include="src\thirdparty\lwlog\src\pattern_formatter.cpp">
      <Filter>Source Files</Filter>
    </ClCompile>
    <ClCompile Include="src\thirdparty\lwlog\src\log_config_reader.cpp">
      <Filter>Source Files</Filter>
    </ClCompile>
    <ClCompile Include="src\thirdparty\lwcommunicate\lwconn_base.cpp">
      <Filter>Source Files</Filter>
    </ClCompile>
    <ClCompile Include="src\thirdparty\lwcommunicate\lwconn_device.cpp">
      <Filter>Source Files</Filter>
    </ClCompile>
    <ClCompile Include="src\thirdparty\lwcommunicate\lwconn_manager.cpp">
      <Filter>Source Files</Filter>
    </ClCompile>
    <ClCompile Include="src\thirdparty\lwcommunicate\lwconn_pool.cpp">
      <Filter>Source Files</Filter>
    </ClCompile>
    <ClCompile Include="src\thirdparty\lwcommunicate\lwconn_utils.cpp">
      <Filter>Source Files</Filter>
    </ClCompile>
    <ClCompile Include="src\thirdparty\lwcommunicate\lwconn_tcp_client.cpp">
      <Filter>Source Files</Filter>
    </ClCompile>
    <ClCompile Include="src\thirdparty\lwcommunicate\lwconn_tcp_server.cpp">
      <Filter>Source Files</Filter>
    </ClCompile>
    <ClCompile Include="src\thirdparty\lwcommunicate\lwconn_udp.cpp">
      <Filter>Source Files</Filter>
    </ClCompile>
    <ClCompile Include="src\thirdparty\lwcommunicate\lwconn_serial.cpp">
      <Filter>Source Files</Filter>
    </ClCompile>
    <ClCompile Include="src\thirdparty\nanopb\pb_encode.c">
      <Filter>Source Files</Filter>
    </ClCompile>
    <ClCompile Include="src\thirdparty\nanopb\pb_decode.c">
      <Filter>Source Files</Filter>
    </ClCompile>
    <ClCompile Include="src\thirdparty\nanopb\pb_common.c">
      <Filter>Source Files</Filter>
    </ClCompile>
    <ClCompile Include="src\thirdparty\lwserverbase\core\ServiceBase.cpp">
      <Filter>Source Files</Filter>
    </ClCompile>
    <ClCompile Include="src\thirdparty\lwserverbase\core\ServiceTask.cpp">
      <Filter>Source Files</Filter>
    </ClCompile>
    <!-- ServiceManager.cpp 排除（依赖 Windows 不兼容的 ConfigManager/ProcessController） -->
    <ClCompile Include="src\thirdparty\lwserverbase\logging\Logger.cpp">
      <Filter>Source Files</Filter>
    </ClCompile>
    <ClCompile Include="src\thirdparty\lwserverbase\metrics\MetricsCollector.cpp">
      <Filter>Source Files</Filter>
    </ClCompile>
  </ItemGroup>
  <ItemGroup>
    <ClInclude Include="resource.h">
      <Filter>Header Files</Filter>
    </ClInclude>
    <ClInclude Include="ui_tab_opcua_client.h">
      <Filter>Header Files</Filter>
    </ClInclude>
    <ClInclude Include="FtpRemoteItem.h">
      <Filter>Header Files</Filter>
    </ClInclude>
    <ClInclude Include="src\utils\DeployEvent.h">
      <Filter>Header Files</Filter>
    </ClInclude>
    <ClInclude Include="src\framework\DeviceInfo.h">
      <Filter>Header Files</Filter>
    </ClInclude>
    <ClInclude Include="src\framework\ToolBackend.h">
      <Filter>Header Files</Filter>
    </ClInclude>
    <ClInclude Include="src\framework\ManifestParser.h">
      <Filter>Header Files</Filter>
    </ClInclude>
    <ClInclude Include="src\framework\ToolRegistry.h">
      <Filter>Header Files</Filter>
    </ClInclude>
    <ClInclude Include="src\model\FtpManager.h">
      <Filter>Header Files</Filter>
    </ClInclude>
    <ClInclude Include="src\adapter\IProtocolAdapter.h">
      <Filter>Header Files</Filter>
    </ClInclude>
    <ClInclude Include="src\adapter\ProtocolCapability.h">
      <Filter>Header Files</Filter>
    </ClInclude>
    <ClInclude Include="src\adapter\FtpAdapter.h">
      <Filter>Header Files</Filter>
    </ClInclude>
    <ClInclude Include="src\adapter\TelnetAdapter.h">
      <Filter>Header Files</Filter>
    </ClInclude>
    <ClInclude Include="src\adapter\ProtocolRegistry.h">
      <Filter>Header Files</Filter>
    </ClInclude>
    <ClInclude Include="src\logging\LogBridge.h">
      <Filter>Header Files</Filter>
    </ClInclude>
    <ClInclude Include="src\tools\FtpDeployTool\FtpDeployBackend.h">
      <Filter>Header Files</Filter>
    </ClInclude>
    <ClInclude Include="src\tools\TelnetTool\TelnetBackend.h">
      <Filter>Header Files</Filter>
    </ClInclude>
    <ClInclude Include="src\tools\WebSocketTool\WebSocketBackend.h">
      <Filter>Header Files</Filter>
    </ClInclude>
  </ItemGroup>
  <ItemGroup>
    <ResourceCompile Include="DeployMaster.rc">
      <Filter>Resource Files</Filter>
    </ResourceCompile>
  </ItemGroup>
  <ItemGroup>
    <QtUic Include="BatchDeploy.ui">
      <Filter>Form Files</Filter>
    </QtUic>
    <QtUic Include="tab_logquery.ui">
      <Filter>Form Files</Filter>
    </QtUic>
    <QtUic Include="tab_telnet.ui">
      <Filter>Form Files</Filter>
    </QtUic>
    <QtUic Include="tab_modbus_cluster_test.ui">
      <Filter>Form Files</Filter>
    </QtUic>
    <!-- tab_diagnostic.ui 已随 DiagnosticClient 删除 -->
    <QtUic Include="tab_websocket.ui">
      <Filter>Form Files</Filter>
    </QtUic>
    <QtUic Include="tab_opcua_client.ui">
      <Filter>Form Files</Filter>
    </QtUic>
  </ItemGroup>
  <ItemGroup>
    <QtMoc Include="DeployMaster.h">
      <Filter>Header Files</Filter>
    </QtMoc>
    <QtMoc Include="DropListWidget.h">
      <Filter>Header Files</Filter>
    </QtMoc>
    <QtMoc Include="TelnetClient.h">
      <Filter>Header Files</Filter>
    </QtMoc>
    <QtMoc Include="LogQueryTab.h">
      <Filter>Header Files</Filter>
    </QtMoc>
    <QtMoc Include="ModbusCluster.h">
      <Filter>Header Files</Filter>
    </QtMoc>
    <QtMoc Include="OpcUaClient.h">
      <Filter>Header Files</Filter>
    </QtMoc>
    <QtMoc Include="src\framework\ToolWidget.h">
      <Filter>Header Files</Filter>
    </QtMoc>
    <QtMoc Include="src\framework\ToolHost.h">
      <Filter>Header Files</Filter>
    </QtMoc>
    <QtMoc Include="src\framework\AppState.h">
      <Filter>Header Files</Filter>
    </QtMoc>
    <QtMoc Include="src\ui\DeviceBusWidget.h">
      <Filter>Header Files</Filter>
    </QtMoc>
    <QtMoc Include="src\tools\FtpDeployTool\FtpDeployWidget.h">
      <Filter>Header Files</Filter>
    </QtMoc>
    <QtMoc Include="src\tools\TelnetTool\TelnetWidget.h">
      <Filter>Header Files</Filter>
    </QtMoc>
    <QtMoc Include="src\tools\WebSocketTool\WebSocketWidget.h">
      <Filter>Header Files</Filter>
    </QtMoc>
    <!-- FtpPresenter/ModbusPresenter .cpp 未编译，去掉 MOC 引用 -->
  </ItemGroup>
</Project>